
Microsoft Visual Studio Solution File, Format Version 12.00
# Visual Studio 14
VisualStudioVersion = 14.0.25420.1
MinimumVisualStudioVersion = 10.0.40219.1
Project("{8BC9CEB8-8B4A-11D0-8D11-00A0C91BC942}") = "MultipleMedia_ImageProcessing", "MultipleMedia_ImageProcessing\MultipleMedia_ImageProcessing.vcxproj", "{A3DE7811-8917-4A6D-867E-7F289E46E37F}"
EndProject
Global
	GlobalSection(SolutionConfigurationPlatforms) = preSolution
		Debug|x64 = Debug|x64
		Debug|x86 = Debug|x86
		Release|x64 = Release|x64
		Release|x86 = Release|x86
	EndGlobalSection
	GlobalSection(ProjectConfigurationPlatforms) = postSolution
		{A3DE7811-8917-4A6D-867E-7F289E46E37F}.Debug|x64.ActiveCfg = Debug|x64
		{A3DE7811-8917-4A6D-867E-7F289E46E37F}.Debug|x64.Build.0 = Debug|x64
		{A3DE7811-8917-4A6D-867E-7F289E46E37F}.Debug|x86.ActiveCfg = Debug|Win32
		{A3DE7811-8917-4A6D-867E-7F289E46E37F}.Debug|x86.Build.0 = Debug|Win32
		{A3DE7811-8917-4A6D-867E-7F289E46E37F}.Release|x64.ActiveCfg = Release|x64
		{A3DE7811-8917-4A6D-867E-7F289E46E37F}.Release|x64.Build.0 = Release|x64
		{A3DE7811-8917-4A6D-867E-7F289E46E37F}.Release|x86.ActiveCfg = Release|Win32
		{A3DE7811-8917-4A6D-867E-7F289E46E37F}.Release|x86.Build.0 = Release|Win32
	EndGlobalSection
	GlobalSection(SolutionProperties) = preSolution
		HideSolutionNode = FALSE
	EndGlobalSection
EndGlobal
